// !$*UTF8*$!
{
	archiveVersion = 1;
	classes = {
	};
	objectVersion = 46;
	objects = {

/* Begin PBXBuildFile section */
		1279D5CD1D3945B100A26994 /* AppDelegate.swift in Sources */ = {isa = PBXBuildFile; fileRef = 1279D5CC1D3945B100A26994 /* AppDelegate.swift */; };
		1279D5CF1D3945B100A26994 /* ViewController.swift in Sources */ = {isa = PBXBuildFile; fileRef = 1279D5CE1D3945B100A26994 /* ViewController.swift */; };
		1279D5D21D3945B100A26994 /* Main.storyboard in Resources */ = {isa = PBXBuildFile; fileRef = 1279D5D01D3945B100A26994 /* Main.storyboard */; };
		1279D5D41D3945B100A26994 /* Assets.xcassets in Resources */ = {isa = PBXBuildFile; fileRef = 1279D5D31D3945B100A26994 /* Assets.xcassets */; };
		1279D5D71D3945B100A26994 /* LaunchScreen.storyboard in Resources */ = {isa = PBXBuildFile; fileRef = 1279D5D51D3945B100A26994 /* LaunchScreen.storyboard */; };
		1279D5DF1D39484F00A26994 /* User.swift in Sources */ = {isa = PBXBuildFile; fileRef = 1279D5DE1D39484F00A26994 /* User.swift */; };
		1279D5E11D39A37100A26994 /* VenusaurViewController.swift in Sources */ = {isa = PBXBuildFile; fileRef = 1279D5E01D39A37100A26994 /* VenusaurViewController.swift */; };
		1279D5E31D39A3AE00A26994 /* BulbasaurViewController.swift in Sources */ = {isa = PBXBuildFile; fileRef = 1279D5E21D39A3AE00A26994 /* BulbasaurViewController.swift */; };
		1279D5E51D39A40700A26994 /* IvysaurViewController.swift in Sources */ = {isa = PBXBuildFile; fileRef = 1279D5E41D39A40700A26994 /* IvysaurViewController.swift */; };
/* End PBXBuildFile section */

/* Begin PBXFileReference section */
		1279D5C91D3945B100A26994 /* pokemonHackAThon.app */ = {isa = PBXFileReference; explicitFileType = wrapper.application; includeInIndex = 0; path = pokemonHackAThon.app; sourceTree = BUILT_PRODUCTS_DIR; };
		1279D5CC1D3945B100A26994 /* AppDelegate.swift */ = {isa = PBXFileReference; lastKnownFileType = sourcecode.swift; path = AppDelegate.swift; sourceTree = "<group>"; };
		1279D5CE1D3945B100A26994 /* ViewController.swift */ = {isa = PBXFileReference; lastKnownFileType = sourcecode.swift; path = ViewController.swift; sourceTree = "<group>"; };
		1279D5D11D3945B100A26994 /* Base */ = {isa = PBXFileReference; lastKnownFileType = file.storyboard; name = Base; path = Base.lproj/Main.storyboard; sourceTree = "<group>"; };
		1279D5D31D3945B100A26994 /* Assets.xcassets */ = {isa = PBXFileReference; lastKnownFileType = folder.assetcatalog; path = Assets.xcassets; sourceTree = "<group>"; };
		1279D5D61D3945B100A26994 /* Base */ = {isa = PBXFileReference; lastKnownFileType = file.storyboard; name = Base; path = Base.lproj/LaunchScreen.storyboard; sourceTree = "<group>"; };
		1279D5D81D3945B100A26994 /* Info.plist */ = {isa = PBXFileReference; lastKnownFileType = text.plist.xml; path = Info.plist; sourceTree = "<group>"; };
		1279D5DE1D39484F00A26994 /* User.swift */ = {isa = PBXFileReference; fileEncoding = 4; lastKnownFileType = sourcecode.swift; path = User.swift; sourceTree = "<group>"; };
		1279D5E01D39A37100A26994 /* VenusaurViewController.swift */ = {isa = PBXFileReference; fileEncoding = 4; lastKnownFileType = sourcecode.swift; path = VenusaurViewController.swift; sourceTree = "<group>"; };
		1279D5E21D39A3AE00A26994 /* BulbasaurViewController.swift */ = {isa = PBXFileReference; fileEncoding = 4; lastKnownFileType = sourcecode.swift; path = BulbasaurViewController.swift; sourceTree = "<group>"; };
		1279D5E41D39A40700A26994 /* IvysaurViewController.swift */ = {isa = PBXFileReference; fileEncoding = 4; lastKnownFileType = sourcecode.swift; path = IvysaurViewController.swift; sourceTree = "<group>"; };
/* End PBXFileReference section */

/* Begin PBXFrameworksBuildPhase section */
		1279D5C61D3945B100A26994 /* Frameworks */ = {
			isa = PBXFrameworksBuildPhase;
			buildActionMask = 2147483647;
			files = (
			);
			runOnlyForDeploymentPostprocessing = 0;
		};
/* End PBXFrameworksBuildPhase section */

/* Begin PBXGroup section */
		1279D5C01D3945B100A26994 = {
			isa = PBXGroup;
			children = (
				1279D5CB1D3945B100A26994 /* pokemonHackAThon */,
				1279D5CA1D3945B100A26994 /* Products */,
			);
			sourceTree = "<group>";
		};
		1279D5CA1D3945B100A26994 /* Products */ = {
			isa = PBXGroup;
			children = (
				1279D5C91D3945B100A26994 /* pokemonHackAThon.app */,
			);
			name = Products;
			sourceTree = "<group>";
		};
		1279D5CB1D3945B100A26994 /* pokemonHackAThon */ = {
			isa = PBXGroup;
			children = (
				1279D5CC1D3945B100A26994 /* AppDelegate.swift */,
				1279D5CE1D3945B100A26994 /* ViewController.swift */,
				1279D5E01D39A37100A26994 /* VenusaurViewController.swift */,
				1279D5DE1D39484F00A26994 /* User.swift */,
				1279D5E21D39A3AE00A26994 /* BulbasaurViewController.swift */,
				1279D5E41D39A40700A26994 /* IvysaurViewController.swift */,
				1279D5D01D3945B100A26994 /* Main.storyboard */,
				1279D5D31D3945B100A26994 /* Assets.xcassets */,
				1279D5D51D3945B100A26994 /* LaunchScreen.storyboard */,
				1279D5D81D3945B100A26994 /* Info.plist */,
			);
			path = pokemonHackAThon;
			sourceTree = "<group>";
		};
/* End PBXGroup section */

/* Begin PBXNativeTarget section */
		1279D5C81D3945B100A26994 /* pokemonHackAThon */ = {
			isa = PBXNativeTarget;
			buildConfigurationList = 1279D5DB1D3945B100A26994 /* Build configuration list for PBXNativeTarget "pokemonHackAThon" */;
			buildPhases = (
				1279D5C51D3945B100A26994 /* Sources */,
				1279D5C61D3945B100A26994 /* Frameworks */,
				1279D5C71D3945B100A26994 /* Resources */,
			);
			buildRules = (
			);
			dependencies = (
			);
			name = pokemonHackAThon;
			productName = pokemonHackAThon;
			productReference = 1279D5C91D3945B100A26994 /* pokemonHackAThon.app */;
			productType = "com.apple.product-type.application";
		};
/* End PBXNativeTarget section */

/* Begin PBXProject section */
		1279D5C11D3945B100A26994 /* Project object */ = {
			isa = PBXProject;
			attributes = {
				LastSwiftUpdateCheck = 0730;
				LastUpgradeCheck = 0730;
				ORGANIZATIONNAME = "Diana M Lim";
				TargetAttributes = {
					1279D5C81D3945B100A26994 = {
						CreatedOnToolsVersion = 7.3.1;
					};
				};
			};
			buildConfigurationList = 1279D5C41D3945B100A26994 /* Build configuration list for PBXProject "pokemonHackAThon" */;
			compatibilityVersion = "Xcode 3.2";
			developmentRegion = English;
			hasScannedForEncodings = 0;
			knownRegions = (
				en,
				Base,
			);
			mainGroup = 1279D5C01D3945B100A26994;
			productRefGroup = 1279D5CA1D3945B100A26994 /* Products */;
			projectDirPath = "";
			projectRoot = "";
			targets = (
				1279D5C81D3945B100A26994 /* pokemonHackAThon */,
			);
		};
/* End PBXProject section */

/* Begin PBXResourcesBuildPhase section */
		1279D5C71D3945B100A26994 /* Resources */ = {
			isa = PBXResourcesBuildPhase;
			buildActionMask = 2147483647;
			files = (
				1279D5D71D3945B100A26994 /* LaunchScreen.storyboard in Resources */,
				1279D5D41D3945B100A26994 /* Assets.xcassets in Resources */,
				1279D5D21D3945B100A26994 /* Main.storyboard in Resources */,
			);
			runOnlyForDeploymentPostprocessing = 0;
		};
/* End PBXResourcesBuildPhase section */

/* Begin PBXSourcesBuildPhase section */
		1279D5C51D3945B100A26994 /* Sources */ = {
			isa = PBXSourcesBuildPhase;
			buildActionMask = 2147483647;
			files = (
				1279D5CF1D3945B100A26994 /* ViewController.swift in Sources */,
				1279D5E11D39A37100A26994 /* VenusaurViewController.swift in Sources */,
				1279D5DF1D39484F00A26994 /* User.swift in Sources */,
				1279D5CD1D3945B100A26994 /* AppDelegate.swift in Sources */,
				1279D5E31D39A3AE00A26994 /* BulbasaurViewController.swift in Sources */,
				1279D5E51D39A40700A26994 /* IvysaurViewController.swift in Sources */,
			);
			runOnlyForDeploymentPostprocessing = 0;
		};
/* End PBXSourcesBuildPhase section */

/* Begin PBXVariantGroup section */
		1279D5D01D3945B100A26994 /* Main.storyboard */ = {
			isa = PBXVariantGroup;
			children = (
				1279D5D11D3945B100A26994 /* Base */,
			);
			name = Main.storyboard;
			sourceTree = "<group>";
		};
		1279D5D51D3945B100A26994 /* LaunchScreen.storyboard */ = {
			isa = PBXVariantGroup;
			children = (
				1279D5D61D3945B100A26994 /* Base */,
			);
			name = LaunchScreen.storyboard;
			sourceTree = "<group>";
		};
/* End PBXVariantGroup section */

/* Begin XCBuildConfiguration section */
		1279D5D91D3945B100A26994 /* Debug */ = {
			isa = XCBuildConfiguration;
			buildSettings = {
				ALWAYS_SEARCH_USER_PATHS = NO;
				CLANG_ANALYZER_NONNULL = YES;
				CLANG_CXX_LANGUAGE_STANDARD = "gnu++0x";
				CLANG_CXX_LIBRARY = "libc++";
				CLANG_ENABLE_MODULES = YES;
				CLANG_ENABLE_OBJC_ARC = YES;
				CLANG_WARN_BOOL_CONVERSION = YES;
				CLANG_WARN_CONSTANT_CONVERSION = YES;
				CLANG_WARN_DIRECT_OBJC_ISA_USAGE = YES_ERROR;
				CLANG_WARN_EMPTY_BODY = YES;
				CLANG_WARN_ENUM_CONVERSION = YES;
				CLANG_WARN_INT_CONVERSION = YES;
				CLANG_WARN_OBJC_ROOT_CLASS = YES_ERROR;
				CLANG_WARN_UNREACHABLE_CODE = YES;
				CLANG_WARN__DUPLICATE_METHOD_MATCH = YES;
				"CODE_SIGN_IDENTITY[sdk=iphoneos*]" = "iPhone Developer";
				COPY_PHASE_STRIP = NO;
				DEBUG_INFORMATION_FORMAT = dwarf;
				ENABLE_STRICT_OBJC_MSGSEND = YES;
				ENABLE_TESTABILITY = YES;
				GCC_C_LANGUAGE_STANDARD = gnu99;
				GCC_DYNAMIC_NO_PIC = NO;
				GCC_NO_COMMON_BLOCKS = YES;
				GCC_OPTIMIZATION_LEVEL = 0;
				GCC_PREPROCESSOR_DEFINITIONS = (
					"DEBUG=1",
					"$(inherited)",
				);
				GCC_WARN_64_TO_32_BIT_CONVERSION = YES;
				GCC_WARN_ABOUT_RETURN_TYPE = YES_ERROR;
				GCC_WARN_UNDECLARED_SELECTOR = YES;
				GCC_WARN_UNINITIALIZED_AUTOS = YES_AGGRESSIVE;
				GCC_WARN_UNUSED_FUNCTION = YES;
				GCC_WARN_UNUSED_VARIABLE = YES;
				IPHONEOS_DEPLOYMENT_TARGET = 9.3;
				MTL_ENABLE_DEBUG_INFO = YES;
				ONLY_ACTIVE_ARCH = YES;
				SDKROOT = iphoneos;
				SWIFT_OPTIMIZATION_LEVEL = "-Onone";
				TARGETED_DEVICE_FAMILY = "1,2";
			};
			name = Debug;
		};
		1279D5DA1D3945B100A26994 /* Release */ = {
			isa = XCBuildConfiguration;
			buildSettings = {
				ALWAYS_SEARCH_USER_PATHS = NO;
				CLANG_ANALYZER_NONNULL = YES;
				CLANG_CXX_LANGUAGE_STANDARD = "gnu++0x";
				CLANG_CXX_LIBRARY = "libc++";
				CLANG_ENABLE_MODULES = YES;
				CLANG_ENABLE_OBJC_ARC = YES;
				CLANG_WARN_BOOL_CONVERSION = YES;
				CLANG_WARN_CONSTANT_CONVERSION = YES;
				CLANG_WARN_DIRECT_OBJC_ISA_USAGE = YES_ERROR;
				CLANG_WARN_EMPTY_BODY = YES;
				CLANG_WARN_ENUM_CONVERSION = YES;
				CLANG_WARN_INT_CONVERSION = YES;
				CLANG_WARN_OBJC_ROOT_CLASS = YES_ERROR;
				CLANG_WARN_UNREACHABLE_CODE = YES;
				CLANG_WARN__DUPLICATE_METHOD_MATCH = YES;
				"CODE_SIGN_IDENTITY[sdk=iphoneos*]" = "iPhone Developer";
				COPY_PHASE_STRIP = NO;
				DEBUG_INFORMATION_FORMAT = "dwarf-with-dsym";
				ENABLE_NS_ASSERTIONS = NO;
				ENABLE_STRICT_OBJC_MSGSEND = YES;
				GCC_C_LANGUAGE_STANDARD = gnu99;
				GCC_NO_COMMON_BLOCKS = YES;
				GCC_WARN_64_TO_32_BIT_CONVERSION = YES;
				GCC_WARN_ABOUT_RETURN_TYPE = YES_ERROR;
				GCC_WARN_UNDECLARED_SELECTOR = YES;
				GCC_WARN_UNINITIALIZED_AUTOS = YES_AGGRESSIVE;
				GCC_WARN_UNUSED_FUNCTION = YES;
				GCC_WARN_UNUSED_VARIABLE = YES;
				IPHONEOS_DEPLOYMENT_TARGET = 9.3;
				MTL_ENABLE_DEBUG_INFO = NO;
				SDKROOT = iphoneos;
				TARGETED_DEVICE_FAMILY = "1,2";
				VALIDATE_PRODUCT = YES;
			};
			name = Release;
		};
		1279D5DC1D3945B100A26994 /* Debug */ = {
			isa = XCBuildConfiguration;
			buildSettings = {
				ASSETCATALOG_COMPILER_APPICON_NAME = AppIcon;
				INFOPLIST_FILE = pokemonHackAThon/Info.plist;
				LD_RUNPATH_SEARCH_PATHS = "$(inherited) @executable_path/Frameworks";
				PRODUCT_BUNDLE_IDENTIFIER = codingdojo.diana.pokemonHackAThon;
				PRODUCT_NAME = "$(TARGET_NAME)";
			};
			name = Debug;
		};
		1279D5DD1D3945B100A26994 /* Release */ = {
			isa = XCBuildConfiguration;
			buildSettings = {
				ASSETCATALOG_COMPILER_APPICON_NAME = AppIcon;
				INFOPLIST_FILE = pokemonHackAThon/Info.plist;
				LD_RUNPATH_SEARCH_PATHS = "$(inherited) @executable_path/Frameworks";
				PRODUCT_BUNDLE_IDENTIFIER = codingdojo.diana.pokemonHackAThon;
				PRODUCT_NAME = "$(TARGET_NAME)";
			};
			name = Release;
		};
/* End XCBuildConfiguration section */

/* Begin XCConfigurationList section */
		1279D5C41D3945B100A26994 /* Build configuration list for PBXProject "pokemonHackAThon" */ = {
			isa = XCConfigurationList;
			buildConfigurations = (
				1279D5D91D3945B100A26994 /* Debug */,
				1279D5DA1D3945B100A26994 /* Release */,
			);
			defaultConfigurationIsVisible = 0;
			defaultConfigurationName = Release;
		};
		1279D5DB1D3945B100A26994 /* Build configuration list for PBXNativeTarget "pokemonHackAThon" */ = {
			isa = XCConfigurationList;
			buildConfigurations = (
				1279D5DC1D3945B100A26994 /* Debug */,
				1279D5DD1D3945B100A26994 /* Release */,
			);
			defaultConfigurationIsVisible = 0;
		};
/* End XCConfigurationList section */
	};
	rootObject = 1279D5C11D3945B100A26994 /* Project object */;
}
